
Microsoft Visual Studio Solution File, Format Version 12.00
# Visual Studio Version 17
VisualStudioVersion = 17.6.33829.357
MinimumVisualStudioVersion = 10.0.40219.1
Project("{FAE04EC0-301F-11D3-BF4B-00C04F79EFBC}") = "RepartitionLocaux", "RepartitionLocaux.csproj", "{89DB8180-E239-4E37-9B43-C3FDEE5FBCCC}"
EndProject
Global
	GlobalSection(SolutionConfigurationPlatforms) = preSolution
		Debug|Any CPU = Debug|Any CPU
		Release|Any CPU = Release|Any CPU
	EndGlobalSection
	GlobalSection(ProjectConfigurationPlatforms) = postSolution
		{89DB8180-E239-4E37-9B43-C3FDEE5FBCCC}.Debug|Any CPU.ActiveCfg = Debug|Any CPU
		{89DB8180-E239-4E37-9B43-C3FDEE5FBCCC}.Debug|Any CPU.Build.0 = Debug|Any CPU
		{89DB8180-E239-4E37-9B43-C3FDEE5FBCCC}.Release|Any CPU.ActiveCfg = Release|Any CPU
		{89DB8180-E239-4E37-9B43-C3FDEE5FBCCC}.Release|Any CPU.Build.0 = Release|Any CPU
	EndGlobalSection
	GlobalSection(SolutionProperties) = preSolution
		HideSolutionNode = FALSE
	EndGlobalSection
	GlobalSection(ExtensibilityGlobals) = postSolution
		SolutionGuid = {24F70BA9-9DEE-4133-A990-916EC3959D4D}
	EndGlobalSection
EndGlobal
